
Microsoft Visual Studio Solution File, Format Version 12.00
# Visual Studio Version 17
VisualStudioVersion = 17.8.34902.127
MinimumVisualStudioVersion = 10.0.40219.1
Project("{9A19103F-16F7-4668-BE54-9A1E7A4F7556}") = "Webshop.Core", "Webshop.Core\Webshop.Core.csproj", "{0CE86088-C646-42AA-8140-6E74C5A06ED4}"
EndProject
Project("{9A19103F-16F7-4668-BE54-9A1E7A4F7556}") = "Webshop.Infrastructure", "Webshop.Infrastructure\Webshop.Infrastructure.csproj", "{007FFDE0-FEA6-43DF-8CFD-43CADD161F51}"
EndProject
Project("{9A19103F-16F7-4668-BE54-9A1E7A4F7556}") = "Webshop.Api", "Webshop.WebApi\Webshop.Api.csproj", "{3F839245-C27E-4084-BCDC-1B08119E159A}"
EndProject
Global
	GlobalSection(SolutionConfigurationPlatforms) = preSolution
		Debug|Any CPU = Debug|Any CPU
		Release|Any CPU = Release|Any CPU
	EndGlobalSection
	GlobalSection(ProjectConfigurationPlatforms) = postSolution
		{0CE86088-C646-42AA-8140-6E74C5A06ED4}.Debug|Any CPU.ActiveCfg = Debug|Any CPU
		{0CE86088-C646-42AA-8140-6E74C5A06ED4}.Debug|Any CPU.Build.0 = Debug|Any CPU
		{0CE86088-C646-42AA-8140-6E74C5A06ED4}.Release|Any CPU.ActiveCfg = Release|Any CPU
		{0CE86088-C646-42AA-8140-6E74C5A06ED4}.Release|Any CPU.Build.0 = Release|Any CPU
		{007FFDE0-FEA6-43DF-8CFD-43CADD161F51}.Debug|Any CPU.ActiveCfg = Debug|Any CPU
		{007FFDE0-FEA6-43DF-8CFD-43CADD161F51}.Debug|Any CPU.Build.0 = Debug|Any CPU
		{007FFDE0-FEA6-43DF-8CFD-43CADD161F51}.Release|Any CPU.ActiveCfg = Release|Any CPU
		{007FFDE0-FEA6-43DF-8CFD-43CADD161F51}.Release|Any CPU.Build.0 = Release|Any CPU
		{3F839245-C27E-4084-BCDC-1B08119E159A}.Debug|Any CPU.ActiveCfg = Debug|Any CPU
		{3F839245-C27E-4084-BCDC-1B08119E159A}.Debug|Any CPU.Build.0 = Debug|Any CPU
		{3F839245-C27E-4084-BCDC-1B08119E159A}.Release|Any CPU.ActiveCfg = Release|Any CPU
		{3F839245-C27E-4084-BCDC-1B08119E159A}.Release|Any CPU.Build.0 = Release|Any CPU
	EndGlobalSection
	GlobalSection(SolutionProperties) = preSolution
		HideSolutionNode = FALSE
	EndGlobalSection
	GlobalSection(ExtensibilityGlobals) = postSolution
		SolutionGuid = {8613884E-F58A-414E-8EB2-BE5EF44AF7CC}
	EndGlobalSection
EndGlobal
